
Microsoft Visual Studio Solution File, Format Version 12.00
# Visual Studio Version 16
VisualStudioVersion = 16.0.29324.140
MinimumVisualStudioVersion = 10.0.40219.1
Project("{9A19103F-16F7-4668-BE54-9A1E7A4F7556}") = "FilterLib", "FilterLib\FilterLib.csproj", "{3685D2FE-85CF-43DC-BD42-6D7BF90F71A1}"
EndProject
Project("{9A19103F-16F7-4668-BE54-9A1E7A4F7556}") = "FilterLib.Tests", "FilterLib.Tests\FilterLib.Tests.csproj", "{FC247B60-29F8-4A13-B3F5-AEB0C1EEEF2C}"
EndProject
Project("{FAE04EC0-301F-11D3-BF4B-00C04F79EFBC}") = "FilterScript", "FilterScript\FilterScript.csproj", "{A6C19EE8-A2B7-4C2C-8E89-8A3B7E775CEE}"
EndProject
Global
	GlobalSection(SolutionConfigurationPlatforms) = preSolution
		Debug|Any CPU = Debug|Any CPU
		Release|Any CPU = Release|Any CPU
	EndGlobalSection
	GlobalSection(ProjectConfigurationPlatforms) = postSolution
		{3685D2FE-85CF-43DC-BD42-6D7BF90F71A1}.Debug|Any CPU.ActiveCfg = Debug|Any CPU
		{3685D2FE-85CF-43DC-BD42-6D7BF90F71A1}.Debug|Any CPU.Build.0 = Debug|Any CPU
		{3685D2FE-85CF-43DC-BD42-6D7BF90F71A1}.Release|Any CPU.ActiveCfg = Release|Any CPU
		{3685D2FE-85CF-43DC-BD42-6D7BF90F71A1}.Release|Any CPU.Build.0 = Release|Any CPU
		{FC247B60-29F8-4A13-B3F5-AEB0C1EEEF2C}.Debug|Any CPU.ActiveCfg = Debug|Any CPU
		{FC247B60-29F8-4A13-B3F5-AEB0C1EEEF2C}.Debug|Any CPU.Build.0 = Debug|Any CPU
		{FC247B60-29F8-4A13-B3F5-AEB0C1EEEF2C}.Release|Any CPU.ActiveCfg = Release|Any CPU
		{FC247B60-29F8-4A13-B3F5-AEB0C1EEEF2C}.Release|Any CPU.Build.0 = Release|Any CPU
		{A6C19EE8-A2B7-4C2C-8E89-8A3B7E775CEE}.Debug|Any CPU.ActiveCfg = Debug|Any CPU
		{A6C19EE8-A2B7-4C2C-8E89-8A3B7E775CEE}.Debug|Any CPU.Build.0 = Debug|Any CPU
		{A6C19EE8-A2B7-4C2C-8E89-8A3B7E775CEE}.Release|Any CPU.ActiveCfg = Release|Any CPU
		{A6C19EE8-A2B7-4C2C-8E89-8A3B7E775CEE}.Release|Any CPU.Build.0 = Release|Any CPU
	EndGlobalSection
	GlobalSection(SolutionProperties) = preSolution
		HideSolutionNode = FALSE
	EndGlobalSection
	GlobalSection(ExtensibilityGlobals) = postSolution
		SolutionGuid = {5078A81F-DF3A-4839-9A55-429A3E5945D8}
	EndGlobalSection
EndGlobal
